
Microsoft Visual Studio Solution File, Format Version 12.00
# Visual Studio Version 16
VisualStudioVersion = 16.0.32630.194
MinimumVisualStudioVersion = 10.0.40219.1
Project("{FAE04EC0-301F-11D3-BF4B-00C04F79EFBC}") = "semana2-formulario", "semana2-formulario.csproj", "{1C9CA5F2-292E-4C6F-AA2B-DD53007D193D}"
EndProject
Global
	GlobalSection(SolutionConfigurationPlatforms) = preSolution
		Debug|Any CPU = Debug|Any CPU
		Release|Any CPU = Release|Any CPU
	EndGlobalSection
	GlobalSection(ProjectConfigurationPlatforms) = postSolution
		{1C9CA5F2-292E-4C6F-AA2B-DD53007D193D}.Debug|Any CPU.ActiveCfg = Debug|Any CPU
		{1C9CA5F2-292E-4C6F-AA2B-DD53007D193D}.Debug|Any CPU.Build.0 = Debug|Any CPU
		{1C9CA5F2-292E-4C6F-AA2B-DD53007D193D}.Release|Any CPU.ActiveCfg = Release|Any CPU
		{1C9CA5F2-292E-4C6F-AA2B-DD53007D193D}.Release|Any CPU.Build.0 = Release|Any CPU
	EndGlobalSection
	GlobalSection(SolutionProperties) = preSolution
		HideSolutionNode = FALSE
	EndGlobalSection
	GlobalSection(ExtensibilityGlobals) = postSolution
		SolutionGuid = {A416A255-B168-4BE7-A2EE-A460477BC1F5}
	EndGlobalSection
EndGlobal
